
Microsoft Visual Studio Solution File, Format Version 12.00
# Visual Studio 2017
Project("{FAE04EC0-301F-11D3-BF4B-00C04F79EFBC}") = "AudioRelatedTesting", "AudioRelatedTesting.csproj", "{B20B610E-CB99-0322-481B-5360870D3600}"
EndProject
Project("{FAE04EC0-301F-11D3-BF4B-00C04F79EFBC}") = "AudioRelatedTesting.Editor", "AudioRelatedTesting.Editor.csproj", "{3EB146E8-E5C5-C7DE-CC62-6C2D40307DFF}"
EndProject
Global
	GlobalSection(SolutionConfigurationPlatforms) = preSolution
		Debug|Any CPU = Debug|Any CPU
		Release|Any CPU = Release|Any CPU
	EndGlobalSection
	GlobalSection(ProjectConfigurationPlatforms) = postSolution
		{B20B610E-CB99-0322-481B-5360870D3600}.Debug|Any CPU.ActiveCfg = Debug|Any CPU
		{B20B610E-CB99-0322-481B-5360870D3600}.Debug|Any CPU.Build.0 = Debug|Any CPU
		{B20B610E-CB99-0322-481B-5360870D3600}.Release|Any CPU.ActiveCfg = Release|Any CPU
		{B20B610E-CB99-0322-481B-5360870D3600}.Release|Any CPU.Build.0 = Release|Any CPU
		{3EB146E8-E5C5-C7DE-CC62-6C2D40307DFF}.Debug|Any CPU.ActiveCfg = Debug|Any CPU
		{3EB146E8-E5C5-C7DE-CC62-6C2D40307DFF}.Debug|Any CPU.Build.0 = Debug|Any CPU
		{3EB146E8-E5C5-C7DE-CC62-6C2D40307DFF}.Release|Any CPU.ActiveCfg = Release|Any CPU
		{3EB146E8-E5C5-C7DE-CC62-6C2D40307DFF}.Release|Any CPU.Build.0 = Release|Any CPU
	EndGlobalSection
	GlobalSection(SolutionProperties) = preSolution
		HideSolutionNode = FALSE
	EndGlobalSection
EndGlobal
